{
  "name": "temp12",
  "version": "1.0.0",
  "lockfileVersion": 1,
  "requires": true,
  "dependencies": {
    "mithril": {
      "version": "https://github.com/kamalasaurus/mithril.js/tarball/next",
      "integrity": "sha512-Jxf6Juq8n3lZTjpPbUQyCNMS5pBsZz59cI+W7H+rtuhREL70IHjMM/ACaQ8mkcJQDmexGtYZsxomPibKvBbkJg=="
    }
  }
}
